// !$*UTF8*$!
{
	archiveVersion = 1;
	classes = {
	};
	objectVersion = 56;
	objects = {

/* Begin PBXBuildFile section */
		A10001 /* StackTrackerApp.swift in Sources */ = {isa = PBXBuildFile; fileRef = B10001; };
		A10002 /* Purchase.swift in Sources */ = {isa = PBXBuildFile; fileRef = B10002; };
		A10003 /* PriceCache.swift in Sources */ = {isa = PBXBuildFile; fileRef = B10003; };
		A10004 /* PriceService.swift in Sources */ = {isa = PBXBuildFile; fileRef = B10004; };
		A10005 /* PortfolioCalculator.swift in Sources */ = {isa = PBXBuildFile; fileRef = B10005; };
		A10006 /* Theme.swift in Sources */ = {isa = PBXBuildFile; fileRef = B10006; };
		A10007 /* Formatters.swift in Sources */ = {isa = PBXBuildFile; fileRef = B10007; };
		A10008 /* DashboardView.swift in Sources */ = {isa = PBXBuildFile; fileRef = B10008; };
		A10009 /* PortfolioView.swift in Sources */ = {isa = PBXBuildFile; fileRef = B10009; };
		A10010 /* AddPurchaseView.swift in Sources */ = {isa = PBXBuildFile; fileRef = B10010; };
		A10011 /* DCAAnalyticsView.swift in Sources */ = {isa = PBXBuildFile; fileRef = B10011; };
		A10012 /* MilestonesView.swift in Sources */ = {isa = PBXBuildFile; fileRef = B10012; };
		A10013 /* SettingsView.swift in Sources */ = {isa = PBXBuildFile; fileRef = B10013; };
		A10014 /* BitcoinChartView.swift in Sources */ = {isa = PBXBuildFile; fileRef = B10014; };
		A10015 /* PriceTickerView.swift in Sources */ = {isa = PBXBuildFile; fileRef = B10015; };
		A10016 /* StatCard.swift in Sources */ = {isa = PBXBuildFile; fileRef = B10016; };
		A10017 /* Assets.xcassets in Resources */ = {isa = PBXBuildFile; fileRef = B10017; };
		A10018 /* CSVImportService.swift in Sources */ = {isa = PBXBuildFile; fileRef = B10018; };
		A10019 /* CSVImportView.swift in Sources */ = {isa = PBXBuildFile; fileRef = B10019; };
		A10020 /* WatchedAddress.swift in Sources */ = {isa = PBXBuildFile; fileRef = B10020; };
		A10021 /* BlockchainService.swift in Sources */ = {isa = PBXBuildFile; fileRef = B10021; };
		A10022 /* AddressListView.swift in Sources */ = {isa = PBXBuildFile; fileRef = B10022; };
		A10023 /* AddAddressView.swift in Sources */ = {isa = PBXBuildFile; fileRef = B10023; };
		A10024 /* AddressDetailView.swift in Sources */ = {isa = PBXBuildFile; fileRef = B10024; };
		A10025 /* SubscriptionService.swift in Sources */ = {isa = PBXBuildFile; fileRef = B10025; };
		A10026 /* OnboardingView.swift in Sources */ = {isa = PBXBuildFile; fileRef = B10026; };
		A10027 /* PaywallView.swift in Sources */ = {isa = PBXBuildFile; fileRef = B10027; };
		A10028 /* RevenueCat in Frameworks */ = {isa = PBXBuildFile; productRef = P10002; };
		A10029 /* TaxLotEngine.swift in Sources */ = {isa = PBXBuildFile; fileRef = B10029; };
		A10030 /* TaxView.swift in Sources */ = {isa = PBXBuildFile; fileRef = B10030; };
		A10031 /* DisposalDetailView.swift in Sources */ = {isa = PBXBuildFile; fileRef = B10031; };
		A10032 /* SellCalculatorView.swift in Sources */ = {isa = PBXBuildFile; fileRef = B10032; };
		A10033 /* OpenLotsView.swift in Sources */ = {isa = PBXBuildFile; fileRef = B10033; };
		A10034 /* TaxExportService.swift in Sources */ = {isa = PBXBuildFile; fileRef = B10034; };
		A10035 /* WidgetDataService.swift in Sources */ = {isa = PBXBuildFile; fileRef = B10035; };
		A10036 /* TransactionDetailView.swift in Sources */ = {isa = PBXBuildFile; fileRef = B10036; };
		A10037 /* NetworkErrorView.swift in Sources */ = {isa = PBXBuildFile; fileRef = B10037; };
		A10050 /* Haptics.swift in Sources */ = {isa = PBXBuildFile; fileRef = B10050; };
		A10051 /* ReviewPromptService.swift in Sources */ = {isa = PBXBuildFile; fileRef = B10051; };
		A10052 /* NotificationService.swift in Sources */ = {isa = PBXBuildFile; fileRef = B10052; };
		A10053 /* PriceAlertsView.swift in Sources */ = {isa = PBXBuildFile; fileRef = B10053; };
		A10040 /* StackTrackerWidget.swift in Sources */ = {isa = PBXBuildFile; fileRef = B10040; };
		A10041 /* StackTrackerWidgetBundle.swift in Sources */ = {isa = PBXBuildFile; fileRef = B10041; };
		A10042 /* StackTrackerWidgetExtension.appex in Embed App Extensions */ = {isa = PBXBuildFile; fileRef = C10002; settings = {ATTRIBUTES = (RemoveHeadersOnCopy, ); }; };
/* End PBXBuildFile section */

/* Begin PBXFileReference section */
		C10001 /* StackTracker.app */ = {isa = PBXFileReference; explicitFileType = wrapper.application; includeInIndex = 0; path = StackTracker.app; sourceTree = BUILT_PRODUCTS_DIR; };
		B10001 /* StackTrackerApp.swift */ = {isa = PBXFileReference; lastKnownFileType = sourcecode.swift; path = StackTrackerApp.swift; sourceTree = "<group>"; };
		B10002 /* Purchase.swift */ = {isa = PBXFileReference; lastKnownFileType = sourcecode.swift; path = Purchase.swift; sourceTree = "<group>"; };
		B10003 /* PriceCache.swift */ = {isa = PBXFileReference; lastKnownFileType = sourcecode.swift; path = PriceCache.swift; sourceTree = "<group>"; };
		B10004 /* PriceService.swift */ = {isa = PBXFileReference; lastKnownFileType = sourcecode.swift; path = PriceService.swift; sourceTree = "<group>"; };
		B10005 /* PortfolioCalculator.swift */ = {isa = PBXFileReference; lastKnownFileType = sourcecode.swift; path = PortfolioCalculator.swift; sourceTree = "<group>"; };
		B10006 /* Theme.swift */ = {isa = PBXFileReference; lastKnownFileType = sourcecode.swift; path = Theme.swift; sourceTree = "<group>"; };
		B10007 /* Formatters.swift */ = {isa = PBXFileReference; lastKnownFileType = sourcecode.swift; path = Formatters.swift; sourceTree = "<group>"; };
		B10008 /* DashboardView.swift */ = {isa = PBXFileReference; lastKnownFileType = sourcecode.swift; path = DashboardView.swift; sourceTree = "<group>"; };
		B10009 /* PortfolioView.swift */ = {isa = PBXFileReference; lastKnownFileType = sourcecode.swift; path = PortfolioView.swift; sourceTree = "<group>"; };
		B10010 /* AddPurchaseView.swift */ = {isa = PBXFileReference; lastKnownFileType = sourcecode.swift; path = AddPurchaseView.swift; sourceTree = "<group>"; };
		B10011 /* DCAAnalyticsView.swift */ = {isa = PBXFileReference; lastKnownFileType = sourcecode.swift; path = DCAAnalyticsView.swift; sourceTree = "<group>"; };
		B10012 /* MilestonesView.swift */ = {isa = PBXFileReference; lastKnownFileType = sourcecode.swift; path = MilestonesView.swift; sourceTree = "<group>"; };
		B10013 /* SettingsView.swift */ = {isa = PBXFileReference; lastKnownFileType = sourcecode.swift; path = SettingsView.swift; sourceTree = "<group>"; };
		B10014 /* BitcoinChartView.swift */ = {isa = PBXFileReference; lastKnownFileType = sourcecode.swift; path = BitcoinChartView.swift; sourceTree = "<group>"; };
		B10015 /* PriceTickerView.swift */ = {isa = PBXFileReference; lastKnownFileType = sourcecode.swift; path = PriceTickerView.swift; sourceTree = "<group>"; };
		B10016 /* StatCard.swift */ = {isa = PBXFileReference; lastKnownFileType = sourcecode.swift; path = StatCard.swift; sourceTree = "<group>"; };
		B10017 /* Assets.xcassets */ = {isa = PBXFileReference; lastKnownFileType = folder.assetcatalog; path = Assets.xcassets; sourceTree = "<group>"; };
		B10018 /* CSVImportService.swift */ = {isa = PBXFileReference; lastKnownFileType = sourcecode.swift; path = CSVImportService.swift; sourceTree = "<group>"; };
		B10019 /* CSVImportView.swift */ = {isa = PBXFileReference; lastKnownFileType = sourcecode.swift; path = CSVImportView.swift; sourceTree = "<group>"; };
		B10020 /* WatchedAddress.swift */ = {isa = PBXFileReference; lastKnownFileType = sourcecode.swift; path = WatchedAddress.swift; sourceTree = "<group>"; };
		B10021 /* BlockchainService.swift */ = {isa = PBXFileReference; lastKnownFileType = sourcecode.swift; path = BlockchainService.swift; sourceTree = "<group>"; };
		B10022 /* AddressListView.swift */ = {isa = PBXFileReference; lastKnownFileType = sourcecode.swift; path = AddressListView.swift; sourceTree = "<group>"; };
		B10023 /* AddAddressView.swift */ = {isa = PBXFileReference; lastKnownFileType = sourcecode.swift; path = AddAddressView.swift; sourceTree = "<group>"; };
		B10024 /* AddressDetailView.swift */ = {isa = PBXFileReference; lastKnownFileType = sourcecode.swift; path = AddressDetailView.swift; sourceTree = "<group>"; };
		B10025 /* SubscriptionService.swift */ = {isa = PBXFileReference; lastKnownFileType = sourcecode.swift; path = SubscriptionService.swift; sourceTree = "<group>"; };
		B10026 /* OnboardingView.swift */ = {isa = PBXFileReference; lastKnownFileType = sourcecode.swift; path = OnboardingView.swift; sourceTree = "<group>"; };
		B10027 /* PaywallView.swift */ = {isa = PBXFileReference; lastKnownFileType = sourcecode.swift; path = PaywallView.swift; sourceTree = "<group>"; };
		B10029 /* TaxLotEngine.swift */ = {isa = PBXFileReference; lastKnownFileType = sourcecode.swift; path = TaxLotEngine.swift; sourceTree = "<group>"; };
		B10030 /* TaxView.swift */ = {isa = PBXFileReference; lastKnownFileType = sourcecode.swift; path = TaxView.swift; sourceTree = "<group>"; };
		B10031 /* DisposalDetailView.swift */ = {isa = PBXFileReference; lastKnownFileType = sourcecode.swift; path = DisposalDetailView.swift; sourceTree = "<group>"; };
		B10032 /* SellCalculatorView.swift */ = {isa = PBXFileReference; lastKnownFileType = sourcecode.swift; path = SellCalculatorView.swift; sourceTree = "<group>"; };
		B10033 /* OpenLotsView.swift */ = {isa = PBXFileReference; lastKnownFileType = sourcecode.swift; path = OpenLotsView.swift; sourceTree = "<group>"; };
		B10034 /* TaxExportService.swift */ = {isa = PBXFileReference; lastKnownFileType = sourcecode.swift; path = TaxExportService.swift; sourceTree = "<group>"; };
		B10035 /* WidgetDataService.swift */ = {isa = PBXFileReference; lastKnownFileType = sourcecode.swift; path = WidgetDataService.swift; sourceTree = "<group>"; };
		B10036 /* TransactionDetailView.swift */ = {isa = PBXFileReference; lastKnownFileType = sourcecode.swift; path = TransactionDetailView.swift; sourceTree = "<group>"; };
		B10037 /* NetworkErrorView.swift */ = {isa = PBXFileReference; lastKnownFileType = sourcecode.swift; path = NetworkErrorView.swift; sourceTree = "<group>"; };
		B10050 /* Haptics.swift */ = {isa = PBXFileReference; lastKnownFileType = sourcecode.swift; path = Haptics.swift; sourceTree = "<group>"; };
		B10051 /* ReviewPromptService.swift */ = {isa = PBXFileReference; lastKnownFileType = sourcecode.swift; path = ReviewPromptService.swift; sourceTree = "<group>"; };
		B10052 /* NotificationService.swift */ = {isa = PBXFileReference; lastKnownFileType = sourcecode.swift; path = NotificationService.swift; sourceTree = "<group>"; };
		B10053 /* PriceAlertsView.swift */ = {isa = PBXFileReference; lastKnownFileType = sourcecode.swift; path = PriceAlertsView.swift; sourceTree = "<group>"; };
		B10040 /* StackTrackerWidget.swift */ = {isa = PBXFileReference; lastKnownFileType = sourcecode.swift; path = StackTrackerWidget.swift; sourceTree = "<group>"; };
		B10041 /* StackTrackerWidgetBundle.swift */ = {isa = PBXFileReference; lastKnownFileType = sourcecode.swift; path = StackTrackerWidgetBundle.swift; sourceTree = "<group>"; };
		C10002 /* StackTrackerWidgetExtension.appex */ = {isa = PBXFileReference; explicitFileType = "wrapper.app-extension"; includeInIndex = 0; path = StackTrackerWidgetExtension.appex; sourceTree = BUILT_PRODUCTS_DIR; };
/* End PBXFileReference section */

/* Begin PBXContainerItemProxy section */
		PROXY10001 /* PBXContainerItemProxy */ = {
			isa = PBXContainerItemProxy;
			containerPortal = H10001 /* Project object */;
			proxyType = 1;
			remoteGlobalIDString = F10005;
			remoteInfo = StackTrackerWidgetExtension;
		};
/* End PBXContainerItemProxy section */

/* Begin PBXTargetDependency section */
		DEP10001 /* PBXTargetDependency */ = {
			isa = PBXTargetDependency;
			target = F10005 /* StackTrackerWidgetExtension */;
			targetProxy = PROXY10001 /* PBXContainerItemProxy */;
		};
/* End PBXTargetDependency section */

/* Begin PBXCopyFilesBuildPhase section */
		F10007 /* Embed App Extensions */ = {
			isa = PBXCopyFilesBuildPhase;
			buildActionMask = 2147483647;
			dstPath = "";
			dstSubfolderSpec = 13;
			files = (
				A10042 /* StackTrackerWidgetExtension.appex in Embed App Extensions */,
			);
			name = "Embed App Extensions";
			runOnlyForDeploymentPostprocessing = 0;
		};
/* End PBXCopyFilesBuildPhase section */

/* Begin PBXFrameworksBuildPhase section */
		D10001 /* Frameworks */ = {
			isa = PBXFrameworksBuildPhase;
			buildActionMask = 2147483647;
			files = (
				A10028 /* RevenueCat in Frameworks */,
			);
			runOnlyForDeploymentPostprocessing = 0;
		};
/* End PBXFrameworksBuildPhase section */

/* Begin PBXGroup section */
		E10001 = {
			isa = PBXGroup;
			children = (
				E10002 /* StackTracker */,
				E10091 /* StackTrackerWidget */,
				E10010 /* Products */,
			);
			sourceTree = "<group>";
		};
		E10002 /* StackTracker */ = {
			isa = PBXGroup;
			children = (
				B10001 /* StackTrackerApp.swift */,
				E10003 /* Models */,
				E10004 /* Services */,
				E10005 /* Theme */,
				E10006 /* Extensions */,
				E10007 /* Views */,
				B10017 /* Assets.xcassets */,
			);
			path = StackTracker;
			sourceTree = "<group>";
		};
		E10003 /* Models */ = {
			isa = PBXGroup;
			children = (
				B10002 /* Purchase.swift */,
				B10003 /* PriceCache.swift */,
			B10020 /* WatchedAddress.swift */,
			);
			path = Models;
			sourceTree = "<group>";
		};
		E10004 /* Services */ = {
			isa = PBXGroup;
			children = (
				B10004 /* PriceService.swift */,
				B10005 /* PortfolioCalculator.swift */,
			B10018 /* CSVImportService.swift */,
			B10021 /* BlockchainService.swift */,
			B10025 /* SubscriptionService.swift */,
			B10029 /* TaxLotEngine.swift */,
			B10034 /* TaxExportService.swift */,
			B10035 /* WidgetDataService.swift */,
			B10051 /* ReviewPromptService.swift */,
			B10052 /* NotificationService.swift */,
			);
			path = Services;
			sourceTree = "<group>";
		};
		E10005 /* Theme */ = {
			isa = PBXGroup;
			children = (
				B10006 /* Theme.swift */,
			);
			path = Theme;
			sourceTree = "<group>";
		};
		E10006 /* Extensions */ = {
			isa = PBXGroup;
			children = (
				B10007 /* Formatters.swift */,
				B10050 /* Haptics.swift */,
			);
			path = Extensions;
			sourceTree = "<group>";
		};
		E10007 /* Views */ = {
			isa = PBXGroup;
			children = (
				E10008 /* Dashboard */,
				E10081 /* Portfolio */,
				E10082 /* AddPurchase */,
				E10083 /* Analytics */,
				E10084 /* Milestones */,
				E10085 /* Settings */,
				E10086 /* Import */,
				E10087 /* Addresses */,
				E10088 /* Onboarding */,
				E10089 /* Paywall */,
				E10090 /* Tax */,
				E10009 /* Components */,
			);
			path = Views;
			sourceTree = "<group>";
		};
		E10008 /* Dashboard */ = {
			isa = PBXGroup;
			children = (
				B10008 /* DashboardView.swift */,
			);
			path = Dashboard;
			sourceTree = "<group>";
		};
		E10081 /* Portfolio */ = {
			isa = PBXGroup;
			children = (
				B10009 /* PortfolioView.swift */,
				B10036 /* TransactionDetailView.swift */,
			);
			path = Portfolio;
			sourceTree = "<group>";
		};
		E10082 /* AddPurchase */ = {
			isa = PBXGroup;
			children = (
				B10010 /* AddPurchaseView.swift */,
			);
			path = AddPurchase;
			sourceTree = "<group>";
		};
		E10083 /* Analytics */ = {
			isa = PBXGroup;
			children = (
				B10011 /* DCAAnalyticsView.swift */,
			);
			path = Analytics;
			sourceTree = "<group>";
		};
		E10084 /* Milestones */ = {
			isa = PBXGroup;
			children = (
				B10012 /* MilestonesView.swift */,
			);
			path = Milestones;
			sourceTree = "<group>";
		};
		E10087 /* Addresses */ = {
			isa = PBXGroup;
			children = (
				B10022 /* AddressListView.swift */,
				B10023 /* AddAddressView.swift */,
				B10024 /* AddressDetailView.swift */,
			);
			path = Addresses;
			sourceTree = "<group>";
		};
		E10086 /* Import */ = {
			isa = PBXGroup;
			children = (
				B10019 /* CSVImportView.swift */,
			);
			path = Import;
			sourceTree = "<group>";
		};
		E10085 /* Settings */ = {
			isa = PBXGroup;
			children = (
				B10013 /* SettingsView.swift */,
				B10053 /* PriceAlertsView.swift */,
			);
			path = Settings;
			sourceTree = "<group>";
		};
		E10009 /* Components */ = {
			isa = PBXGroup;
			children = (
				B10014 /* BitcoinChartView.swift */,
				B10015 /* PriceTickerView.swift */,
				B10016 /* StatCard.swift */,
				B10037 /* NetworkErrorView.swift */,
			);
			path = Components;
			sourceTree = "<group>";
		};
		E10088 /* Onboarding */ = {
			isa = PBXGroup;
			children = (
				B10026 /* OnboardingView.swift */,
			);
			path = Onboarding;
			sourceTree = "<group>";
		};
		E10089 /* Paywall */ = {
			isa = PBXGroup;
			children = (
				B10027 /* PaywallView.swift */,
			);
			path = Paywall;
			sourceTree = "<group>";
		};
		E10090 /* Tax */ = {
			isa = PBXGroup;
			children = (
				B10030 /* TaxView.swift */,
				B10031 /* DisposalDetailView.swift */,
				B10032 /* SellCalculatorView.swift */,
				B10033 /* OpenLotsView.swift */,
			);
			path = Tax;
			sourceTree = "<group>";
		};
		E10091 /* StackTrackerWidget */ = {
			isa = PBXGroup;
			children = (
				B10040 /* StackTrackerWidget.swift */,
				B10041 /* StackTrackerWidgetBundle.swift */,
			);
			path = StackTrackerWidget;
			sourceTree = "<group>";
		};
		E10010 /* Products */ = {
			isa = PBXGroup;
			children = (
				C10001 /* StackTracker.app */,
				C10002 /* StackTrackerWidgetExtension.appex */,
			);
			name = Products;
			sourceTree = "<group>";
		};
/* End PBXGroup section */

/* Begin PBXNativeTarget section */
		F10001 /* StackTracker */ = {
			isa = PBXNativeTarget;
			buildConfigurationList = G10003;
			buildPhases = (
				F10002 /* Sources */,
				D10001 /* Frameworks */,
				F10003 /* Resources */,
				F10007 /* Embed App Extensions */,
			);
			buildRules = (
			);
			dependencies = (
				DEP10001 /* PBXTargetDependency */,
			);
			name = StackTracker;
			packageProductDependencies = (
				P10002 /* RevenueCat */,
			);
			productName = StackTracker;
			productReference = C10001 /* StackTracker.app */;
			productType = "com.apple.product-type.application";
		};
		F10005 /* StackTrackerWidgetExtension */ = {
			isa = PBXNativeTarget;
			buildConfigurationList = G10007;
			buildPhases = (
				F10004 /* Sources */,
				F10006 /* Resources */,
			);
			buildRules = (
			);
			dependencies = (
			);
			name = StackTrackerWidgetExtension;
			productName = StackTrackerWidgetExtension;
			productReference = C10002 /* StackTrackerWidgetExtension.appex */;
			productType = "com.apple.product-type.app-extension";
		};
/* End PBXNativeTarget section */

/* Begin PBXProject section */
		H10001 /* Project object */ = {
			isa = PBXProject;
			attributes = {
				BuildIndependentTargetsInParallel = 1;
				LastSwiftUpdateCheck = 1500;
				LastUpgradeCheck = 1500;
				TargetAttributes = {
					F10001 = {
						CreatedOnToolsVersion = 15.0;
					};
				};
			};
			buildConfigurationList = G10001;
			compatibilityVersion = "Xcode 14.0";
			developmentRegion = en;
			hasScannedForEncodings = 0;
			knownRegions = (
				en,
				Base,
			);
			mainGroup = E10001;
			packageReferences = (
				P10001 /* XCRemoteSwiftPackageReference "purchases-ios" */,
			);
			productRefGroup = E10010 /* Products */;
			projectDirPath = "";
			projectRoot = "";
			targets = (
				F10001 /* StackTracker */,
				F10005 /* StackTrackerWidgetExtension */,
			);
		};
/* End PBXProject section */

/* Begin PBXResourcesBuildPhase section */
		F10003 /* Resources */ = {
			isa = PBXResourcesBuildPhase;
			buildActionMask = 2147483647;
			files = (
				A10017 /* Assets.xcassets in Resources */,
			);
			runOnlyForDeploymentPostprocessing = 0;
		};
		F10006 /* Resources */ = {
			isa = PBXResourcesBuildPhase;
			buildActionMask = 2147483647;
			files = (
			);
			runOnlyForDeploymentPostprocessing = 0;
		};
/* End PBXResourcesBuildPhase section */

/* Begin PBXSourcesBuildPhase section */
		F10002 /* Sources */ = {
			isa = PBXSourcesBuildPhase;
			buildActionMask = 2147483647;
			files = (
				A10001 /* StackTrackerApp.swift in Sources */,
				A10002 /* Purchase.swift in Sources */,
				A10003 /* PriceCache.swift in Sources */,
				A10004 /* PriceService.swift in Sources */,
				A10005 /* PortfolioCalculator.swift in Sources */,
				A10006 /* Theme.swift in Sources */,
				A10007 /* Formatters.swift in Sources */,
				A10008 /* DashboardView.swift in Sources */,
				A10009 /* PortfolioView.swift in Sources */,
				A10010 /* AddPurchaseView.swift in Sources */,
				A10011 /* DCAAnalyticsView.swift in Sources */,
				A10012 /* MilestonesView.swift in Sources */,
				A10013 /* SettingsView.swift in Sources */,
				A10014 /* BitcoinChartView.swift in Sources */,
				A10015 /* PriceTickerView.swift in Sources */,
				A10016 /* StatCard.swift in Sources */,
				A10018 /* CSVImportService.swift in Sources */,
				A10019 /* CSVImportView.swift in Sources */,
				A10020 /* WatchedAddress.swift in Sources */,
				A10021 /* BlockchainService.swift in Sources */,
				A10022 /* AddressListView.swift in Sources */,
				A10023 /* AddAddressView.swift in Sources */,
				A10024 /* AddressDetailView.swift in Sources */,
				A10025 /* SubscriptionService.swift in Sources */,
				A10026 /* OnboardingView.swift in Sources */,
				A10027 /* PaywallView.swift in Sources */,
				A10029 /* TaxLotEngine.swift in Sources */,
				A10030 /* TaxView.swift in Sources */,
				A10031 /* DisposalDetailView.swift in Sources */,
				A10032 /* SellCalculatorView.swift in Sources */,
				A10033 /* OpenLotsView.swift in Sources */,
				A10034 /* TaxExportService.swift in Sources */,
				A10035 /* WidgetDataService.swift in Sources */,
				A10036 /* TransactionDetailView.swift in Sources */,
				A10037 /* NetworkErrorView.swift in Sources */,
				A10050 /* Haptics.swift in Sources */,
				A10051 /* ReviewPromptService.swift in Sources */,
				A10052 /* NotificationService.swift in Sources */,
				A10053 /* PriceAlertsView.swift in Sources */,
			);
			runOnlyForDeploymentPostprocessing = 0;
		};
		F10004 /* Sources */ = {
			isa = PBXSourcesBuildPhase;
			buildActionMask = 2147483647;
			files = (
				A10040 /* StackTrackerWidget.swift in Sources */,
				A10041 /* StackTrackerWidgetBundle.swift in Sources */,
			);
			runOnlyForDeploymentPostprocessing = 0;
		};
/* End PBXSourcesBuildPhase section */

/* Begin XCBuildConfiguration section */
		G10002 /* Debug */ = {
			isa = XCBuildConfiguration;
			buildSettings = {
				ALWAYS_SEARCH_USER_PATHS = NO;
				ASSETCATALOG_COMPILER_GENERATE_SWIFT_ASSET_SYMBOL_EXTENSIONS = YES;
				CLANG_ANALYZER_NONNULL = YES;
				CLANG_ANALYZER_NUMBER_OBJECT_CONVERSION = YES_AGGRESSIVE;
				CLANG_CXX_LANGUAGE_STANDARD = "gnu++20";
				CLANG_ENABLE_MODULES = YES;
				CLANG_ENABLE_OBJC_ARC = YES;
				CLANG_ENABLE_OBJC_WEAK = YES;
				CLANG_WARN_BLOCK_CAPTURE_AUTORELEASING = YES;
				CLANG_WARN_BOOL_CONVERSION = YES;
				CLANG_WARN_COMMA = YES;
				CLANG_WARN_CONSTANT_CONVERSION = YES;
				CLANG_WARN_DEPRECATED_OBJC_IMPLEMENTATIONS = YES;
				CLANG_WARN_DIRECT_OBJC_ISA_USAGE = YES_ERROR;
				CLANG_WARN_DOCUMENTATION_COMMENTS = YES;
				CLANG_WARN_EMPTY_BODY = YES;
				CLANG_WARN_ENUM_CONVERSION = YES;
				CLANG_WARN_INFINITE_RECURSION = YES;
				CLANG_WARN_INT_CONVERSION = YES;
				CLANG_WARN_NON_LITERAL_NULL_CONVERSION = YES;
				CLANG_WARN_OBJC_IMPLICIT_RETAIN_SELF = YES;
				CLANG_WARN_OBJC_LITERAL_CONVERSION = YES;
				CLANG_WARN_OBJC_ROOT_CLASS = YES_ERROR;
				CLANG_WARN_QUOTED_INCLUDE_IN_FRAMEWORK_HEADER = YES;
				CLANG_WARN_RANGE_LOOP_ANALYSIS = YES;
				CLANG_WARN_STRICT_PROTOTYPES = YES;
				CLANG_WARN_SUSPICIOUS_MOVE = YES;
				CLANG_WARN_UNGUARDED_AVAILABILITY = YES_AGGRESSIVE;
				CLANG_WARN_UNREACHABLE_CODE = YES;
				CLANG_WARN__DUPLICATE_METHOD_MATCH = YES;
				COPY_PHASE_STRIP = NO;
				DEBUG_INFORMATION_FORMAT = dwarf;
				ENABLE_STRICT_OBJC_MSGSEND = YES;
				ENABLE_TESTABILITY = YES;
				ENABLE_USER_SCRIPT_SANDBOXING = YES;
				GCC_C_LANGUAGE_STANDARD = gnu17;
				GCC_DYNAMIC_NO_PIC = NO;
				GCC_NO_COMMON_BLOCKS = YES;
				GCC_OPTIMIZATION_LEVEL = 0;
				GCC_PREPROCESSOR_DEFINITIONS = (
					"DEBUG=1",
					"$(inherited)",
				);
				GCC_WARN_64_TO_32_BIT_CONVERSION = YES;
				GCC_WARN_ABOUT_RETURN_TYPE = YES_ERROR;
				GCC_WARN_UNDECLARED_SELECTOR = YES;
				GCC_WARN_UNINITIALIZED_AUTOS = YES_AGGRESSIVE;
				GCC_WARN_UNUSED_FUNCTION = YES;
				GCC_WARN_UNUSED_VARIABLE = YES;
				IPHONEOS_DEPLOYMENT_TARGET = 17.0;
				MTL_ENABLE_DEBUG_INFO = INCLUDE_SOURCE;
				MTL_FAST_MATH = YES;
				ONLY_ACTIVE_ARCH = YES;
				SDKROOT = iphoneos;
				SWIFT_ACTIVE_COMPILATION_CONDITIONS = "DEBUG $(inherited)";
				SWIFT_OPTIMIZATION_LEVEL = "-Onone";
			};
			name = Debug;
		};
		G10004 /* Release */ = {
			isa = XCBuildConfiguration;
			buildSettings = {
				ALWAYS_SEARCH_USER_PATHS = NO;
				ASSETCATALOG_COMPILER_GENERATE_SWIFT_ASSET_SYMBOL_EXTENSIONS = YES;
				CLANG_ANALYZER_NONNULL = YES;
				CLANG_ANALYZER_NUMBER_OBJECT_CONVERSION = YES_AGGRESSIVE;
				CLANG_CXX_LANGUAGE_STANDARD = "gnu++20";
				CLANG_ENABLE_MODULES = YES;
				CLANG_ENABLE_OBJC_ARC = YES;
				CLANG_ENABLE_OBJC_WEAK = YES;
				CLANG_WARN_BLOCK_CAPTURE_AUTORELEASING = YES;
				CLANG_WARN_BOOL_CONVERSION = YES;
				CLANG_WARN_COMMA = YES;
				CLANG_WARN_CONSTANT_CONVERSION = YES;
				CLANG_WARN_DEPRECATED_OBJC_IMPLEMENTATIONS = YES;
				CLANG_WARN_DIRECT_OBJC_ISA_USAGE = YES_ERROR;
				CLANG_WARN_DOCUMENTATION_COMMENTS = YES;
				CLANG_WARN_EMPTY_BODY = YES;
				CLANG_WARN_ENUM_CONVERSION = YES;
				CLANG_WARN_INFINITE_RECURSION = YES;
				CLANG_WARN_INT_CONVERSION = YES;
				CLANG_WARN_NON_LITERAL_NULL_CONVERSION = YES;
				CLANG_WARN_OBJC_IMPLICIT_RETAIN_SELF = YES;
				CLANG_WARN_OBJC_LITERAL_CONVERSION = YES;
				CLANG_WARN_OBJC_ROOT_CLASS = YES_ERROR;
				CLANG_WARN_QUOTED_INCLUDE_IN_FRAMEWORK_HEADER = YES;
				CLANG_WARN_RANGE_LOOP_ANALYSIS = YES;
				CLANG_WARN_STRICT_PROTOTYPES = YES;
				CLANG_WARN_SUSPICIOUS_MOVE = YES;
				CLANG_WARN_UNGUARDED_AVAILABILITY = YES_AGGRESSIVE;
				CLANG_WARN_UNREACHABLE_CODE = YES;
				CLANG_WARN__DUPLICATE_METHOD_MATCH = YES;
				COPY_PHASE_STRIP = NO;
				DEBUG_INFORMATION_FORMAT = "dwarf-with-dsym";
				ENABLE_NS_ASSERTIONS = NO;
				ENABLE_STRICT_OBJC_MSGSEND = YES;
				ENABLE_USER_SCRIPT_SANDBOXING = YES;
				GCC_C_LANGUAGE_STANDARD = gnu17;
				GCC_NO_COMMON_BLOCKS = YES;
				GCC_WARN_64_TO_32_BIT_CONVERSION = YES;
				GCC_WARN_ABOUT_RETURN_TYPE = YES_ERROR;
				GCC_WARN_UNDECLARED_SELECTOR = YES;
				GCC_WARN_UNINITIALIZED_AUTOS = YES_AGGRESSIVE;
				GCC_WARN_UNUSED_FUNCTION = YES;
				GCC_WARN_UNUSED_VARIABLE = YES;
				IPHONEOS_DEPLOYMENT_TARGET = 17.0;
				MTL_ENABLE_DEBUG_INFO = NO;
				MTL_FAST_MATH = YES;
				SDKROOT = iphoneos;
				SWIFT_COMPILATION_MODE = wholemodule;
				VALIDATE_PRODUCT = YES;
			};
			name = Release;
		};
		G10005 /* Debug */ = {
			isa = XCBuildConfiguration;
			buildSettings = {
				ASSETCATALOG_COMPILER_APPICON_NAME = AppIcon;
				ASSETCATALOG_COMPILER_GLOBAL_ACCENT_COLOR_NAME = AccentColor;
				CODE_SIGN_STYLE = Automatic;
				CURRENT_PROJECT_VERSION = 4;
				DEVELOPMENT_TEAM = V6GW78L4D3;
				GENERATE_INFOPLIST_FILE = YES;
				INFOPLIST_KEY_UIApplicationSceneManifest_Generation = YES;
				INFOPLIST_KEY_UIApplicationSupportsIndirectInputEvents = YES;
				INFOPLIST_KEY_ITSAppUsesNonExemptEncryption = NO;
				INFOPLIST_KEY_UILaunchScreen_Generation = YES;
				INFOPLIST_KEY_UISupportedInterfaceOrientations_iPad = "UIInterfaceOrientationPortrait UIInterfaceOrientationPortraitUpsideDown UIInterfaceOrientationLandscapeLeft UIInterfaceOrientationLandscapeRight";
				INFOPLIST_KEY_UISupportedInterfaceOrientations_iPhone = "UIInterfaceOrientationPortrait UIInterfaceOrientationLandscapeLeft UIInterfaceOrientationLandscapeRight";
				LD_RUNPATH_SEARCH_PATHS = (
					"$(inherited)",
					"@executable_path/Frameworks",
				);
				MARKETING_VERSION = 1.0;
				PRODUCT_BUNDLE_IDENTIFIER = com.joeystanley.stacktracker;
				PRODUCT_NAME = "$(TARGET_NAME)";
				SWIFT_EMIT_LOC_STRINGS = YES;
				SWIFT_VERSION = 5.0;
				TARGETED_DEVICE_FAMILY = "1,2";
			};
			name = Debug;
		};
		G10006 /* Release */ = {
			isa = XCBuildConfiguration;
			buildSettings = {
				ASSETCATALOG_COMPILER_APPICON_NAME = AppIcon;
				ASSETCATALOG_COMPILER_GLOBAL_ACCENT_COLOR_NAME = AccentColor;
				CODE_SIGN_STYLE = Automatic;
				CURRENT_PROJECT_VERSION = 4;
				DEVELOPMENT_TEAM = V6GW78L4D3;
				GENERATE_INFOPLIST_FILE = YES;
				INFOPLIST_KEY_UIApplicationSceneManifest_Generation = YES;
				INFOPLIST_KEY_UIApplicationSupportsIndirectInputEvents = YES;
				INFOPLIST_KEY_ITSAppUsesNonExemptEncryption = NO;
				INFOPLIST_KEY_UILaunchScreen_Generation = YES;
				INFOPLIST_KEY_UISupportedInterfaceOrientations_iPad = "UIInterfaceOrientationPortrait UIInterfaceOrientationPortraitUpsideDown UIInterfaceOrientationLandscapeLeft UIInterfaceOrientationLandscapeRight";
				INFOPLIST_KEY_UISupportedInterfaceOrientations_iPhone = "UIInterfaceOrientationPortrait UIInterfaceOrientationLandscapeLeft UIInterfaceOrientationLandscapeRight";
				LD_RUNPATH_SEARCH_PATHS = (
					"$(inherited)",
					"@executable_path/Frameworks",
				);
				MARKETING_VERSION = 1.0;
				PRODUCT_BUNDLE_IDENTIFIER = com.joeystanley.stacktracker;
				PRODUCT_NAME = "$(TARGET_NAME)";
				SWIFT_EMIT_LOC_STRINGS = YES;
				SWIFT_VERSION = 5.0;
				TARGETED_DEVICE_FAMILY = "1,2";
			};
			name = Release;
		};
		G10008 /* Debug */ = {
			isa = XCBuildConfiguration;
			buildSettings = {
				ASSETCATALOG_COMPILER_GLOBAL_ACCENT_COLOR_NAME = AccentColor;
				CODE_SIGN_STYLE = Automatic;
				CURRENT_PROJECT_VERSION = 4;
				DEVELOPMENT_TEAM = V6GW78L4D3;
				GENERATE_INFOPLIST_FILE = YES;
				INFOPLIST_FILE = StackTrackerWidget/Info.plist;
				INFOPLIST_KEY_CFBundleDisplayName = StackTracker;
				INFOPLIST_KEY_NSHumanReadableCopyright = "";
				LD_RUNPATH_SEARCH_PATHS = (
					"$(inherited)",
					"@executable_path/Frameworks",
					"@executable_path/../../Frameworks",
				);
				MARKETING_VERSION = 1.0;
				PRODUCT_BUNDLE_IDENTIFIER = com.joeystanley.stacktracker.widget;
				PRODUCT_NAME = "$(TARGET_NAME)";
				SKIP_INSTALL = YES;
				SWIFT_EMIT_LOC_STRINGS = YES;
				SWIFT_VERSION = 5.0;
				TARGETED_DEVICE_FAMILY = "1,2";
			};
			name = Debug;
		};
		G10009 /* Release */ = {
			isa = XCBuildConfiguration;
			buildSettings = {
				ASSETCATALOG_COMPILER_GLOBAL_ACCENT_COLOR_NAME = AccentColor;
				CODE_SIGN_STYLE = Automatic;
				CURRENT_PROJECT_VERSION = 4;
				DEVELOPMENT_TEAM = V6GW78L4D3;
				GENERATE_INFOPLIST_FILE = YES;
				INFOPLIST_FILE = StackTrackerWidget/Info.plist;
				INFOPLIST_KEY_CFBundleDisplayName = StackTracker;
				INFOPLIST_KEY_NSHumanReadableCopyright = "";
				LD_RUNPATH_SEARCH_PATHS = (
					"$(inherited)",
					"@executable_path/Frameworks",
					"@executable_path/../../Frameworks",
				);
				MARKETING_VERSION = 1.0;
				PRODUCT_BUNDLE_IDENTIFIER = com.joeystanley.stacktracker.widget;
				PRODUCT_NAME = "$(TARGET_NAME)";
				SKIP_INSTALL = YES;
				SWIFT_EMIT_LOC_STRINGS = YES;
				SWIFT_VERSION = 5.0;
				TARGETED_DEVICE_FAMILY = "1,2";
			};
			name = Release;
		};
/* End XCBuildConfiguration section */

/* Begin XCConfigurationList section */
		G10001 /* Build configuration list for PBXProject "StackTracker" */ = {
			isa = XCConfigurationList;
			buildConfigurations = (
				G10002 /* Debug */,
				G10004 /* Release */,
			);
			defaultConfigurationIsVisible = 0;
			defaultConfigurationName = Release;
		};
		G10003 /* Build configuration list for PBXNativeTarget "StackTracker" */ = {
			isa = XCConfigurationList;
			buildConfigurations = (
				G10005 /* Debug */,
				G10006 /* Release */,
			);
			defaultConfigurationIsVisible = 0;
			defaultConfigurationName = Release;
		};
		G10007 /* Build configuration list for PBXNativeTarget "StackTrackerWidgetExtension" */ = {
			isa = XCConfigurationList;
			buildConfigurations = (
				G10008 /* Debug */,
				G10009 /* Release */,
			);
			defaultConfigurationIsVisible = 0;
			defaultConfigurationName = Release;
		};
/* End XCConfigurationList section */

/* Begin XCRemoteSwiftPackageReference section */
		P10001 /* XCRemoteSwiftPackageReference "purchases-ios" */ = {
			isa = XCRemoteSwiftPackageReference;
			repositoryURL = "https://github.com/RevenueCat/purchases-ios.git";
			requirement = {
				kind = upToNextMajorVersion;
				minimumVersion = 5.0.0;
			};
		};
/* End XCRemoteSwiftPackageReference section */

/* Begin XCSwiftPackageProductDependency section */
		P10002 /* RevenueCat */ = {
			isa = XCSwiftPackageProductDependency;
			package = P10001 /* XCRemoteSwiftPackageReference "purchases-ios" */;
			productName = RevenueCat;
		};
/* End XCSwiftPackageProductDependency section */

	};
	rootObject = H10001 /* Project object */;
}
